<?xml version="1.0" encoding="UTF-8" standalone="yes" ?>
<CodeBlocks_project_file>
	<FileVersion major="1" minor="6" />
	<Project>
		<Option title="TestDB" />
		<Option pch_mode="2" />
		<Option compiler="gcc" />
		<Build>
			<Target title="Debug">
				<Option output="bin/Debug/TestDB" prefix_auto="1" extension_auto="1" />
				<Option object_output="obj/Debug/" />
				<Option type="1" />
				<Option compiler="gcc" />
				<Compiler>
					<Add option="-g" />
				</Compiler>
			</Target>
			<Target title="Release">
				<Option output="bin/Release/TestDB" prefix_auto="1" extension_auto="1" />
				<Option object_output="obj/Release/" />
				<Option type="1" />
				<Option compiler="gcc" />
				<Compiler>
					<Add option="-O2" />
				</Compiler>
				<Linker>
					<Add option="-s" />
				</Linker>
			</Target>
		</Build>
		<Compiler>
			<Add option="-Wall" />
			<Add option="-fexceptions" />
			<Add directory="../../extern_lib/boost_1_53_0" />
			<Add directory="../../extern_lib/gtest-1.6.0/include" />
			<Add directory="../../extern_lib/sqlite3" />
			<Add directory="../../src" />
		</Compiler>
		<Linker>
			<Add option="-lsqlite3" />
			<Add option="-lboost_system-mgw47-mt-1_53" />
			<Add option="-lboost_filesystem-mgw47-mt-1_53" />
			<Add library="..\..\extern_lib\gtest-1.6.0\lib\gtest_main.a" />
			<Add directory="../../extern_lib/boost_1_53_0/stage/lib" />
			<Add directory="../../extern_lib/sqlite3/lib" />
			<Add directory="../../extern_lib/gtest-1.6.0/lib" />
		</Linker>
		<Unit filename="../../src/CodeGeneration/CGBase.cpp" />
		<Unit filename="../../src/CodeGeneration/CGBase.h" />
		<Unit filename="../../src/CodeGeneration/Cpp/CGCpp.cpp" />
		<Unit filename="../../src/CodeGeneration/Cpp/CGCpp.h" />
		<Unit filename="../../src/Connection/DBBase.cpp" />
		<Unit filename="../../src/Connection/DBBase.h" />
		<Unit filename="../../src/Connection/DBConnection.cpp" />
		<Unit filename="../../src/Connection/DBConnection.h" />
		<Unit filename="../../src/Connection/TableInfo.cpp" />
		<Unit filename="../../src/Connection/TableInfo.h" />
		<Unit filename="../../src/Connection/mysql/DBMySql.cpp" />
		<Unit filename="../../src/Connection/mysql/DBMySql.h" />
		<Unit filename="../../src/Connection/sqllite/DBSqllite.cpp" />
		<Unit filename="../../src/Connection/sqllite/DBSqllite.h" />
		<Unit filename="../../src/Core/DefDB.h" />
		<Unit filename="../../src/Core/Defines.h" />
		<Unit filename="../../src/Core/Parameters.cpp" />
		<Unit filename="../../src/Core/Parameters.h" />
		<Unit filename="../../src/Core/Settings.cpp" />
		<Unit filename="../../src/Core/Settings.h" />
		<Unit filename="../../src/DBEntity/DBModel.cpp" />
		<Unit filename="../../src/DBEntity/DBModel.h" />
		<Unit filename="../../src/DBEntity/DBTable.cpp" />
		<Unit filename="../../src/DBEntity/DBTable.h" />
		<Unit filename="../../src/DBEntity/DBTableColumn.cpp" />
		<Unit filename="../../src/DBEntity/DBTableColumn.h" />
		<Unit filename="../../src/Tools/FileSystem.cpp" />
		<Unit filename="../../src/Tools/FileSystem.h" />
		<Unit filename="../../src/Tools/Log/ILog.h" />
		<Unit filename="../../src/Tools/Log/LogStdConsole.cpp" />
		<Unit filename="../../src/Tools/Log/LogStdConsole.h" />
		<Unit filename="../../src/Tools/Log/LoggingSystem.cpp" />
		<Unit filename="../../src/Tools/Log/LoggingSystem.h" />
		<Unit filename="../../src/Tools/TemplateHelper.cpp" />
		<Unit filename="../../src/Tools/TemplateHelper.h" />
		<Unit filename="../../src/Tools/tools.h" />
		<Unit filename="main.cpp" />
		<Extensions>
			<code_completion />
			<envvars />
			<debugger />
			<lib_finder disable_auto="1" />
		</Extensions>
	</Project>
</CodeBlocks_project_file>
