<?xml version="1.0" encoding="UTF-8" standalone="yes" ?>
<CodeBlocks_project_file>
	<FileVersion major="1" minor="6" />
	<Project>
		<Option title="TestDB" />
		<Option pch_mode="2" />
		<Option compiler="gcc" />
		<Build>
			<Target title="Debug">
				<Option output="bin/Debug/TestDB" prefix_auto="1" extension_auto="1" />
				<Option object_output="obj/Debug/" />
				<Option type="1" />
				<Option compiler="gcc" />
				<Compiler>
					<Add option="-g" />
				</Compiler>
			</Target>
			<Target title="Release">
				<Option output="bin/Release/TestDB" prefix_auto="1" extension_auto="1" />
				<Option object_output="obj/Release/" />
				<Option type="1" />
				<Option compiler="gcc" />
				<Compiler>
					<Add option="-O2" />
				</Compiler>
				<Linker>
					<Add option="-s" />
				</Linker>
			</Target>
		</Build>
		<Compiler>
			<Add option="-Wall" />
			<Add option="-fexceptions" />
			<Add directory="../../OutputDB" />
		</Compiler>
		<Linker>
			<Add option="-lsqlite3" />
			<Add directory="../../extern_lib/sqlite3/lib" />
		</Linker>
		<Unit filename="../../OutputDB/DBEntityTestDB.cpp" />
		<Unit filename="../../OutputDB/DBEntityTestDB.h" />
		<Unit filename="../../OutputDB/Tables/test1/test1.h" />
		<Unit filename="../../OutputDB/Tables/test1/test1Logic.cpp" />
		<Unit filename="../../OutputDB/Tables/test1/test1Logic.h" />
		<Unit filename="../../OutputDB/Tables/test2/test2.h" />
		<Unit filename="../../OutputDB/Tables/test2/test2Logic.cpp" />
		<Unit filename="../../OutputDB/Tables/test2/test2Logic.h" />
		<Unit filename="main.cpp" />
		<Extensions>
			<code_completion />
			<envvars />
			<debugger />
		</Extensions>
	</Project>
</CodeBlocks_project_file>
